# This file was autogenerated by uv via the following command:
#    uv pip compile pyproject.toml --extra dev --python-version 3.13 --universal -o requirements.lock
colorama==0.4.6 ; sys_platform == 'win32'
    # via pytest
iniconfig==2.3.0
    # via pytest
packaging==26.3
    # via pytest
pillow==12.3.0
    # via moskophoros (pyproject.toml)
pluggy==1.6.0
    # via pytest
pygments==2.21.0
    # via pytest
pytest==9.1.1
    # via moskophoros (pyproject.toml)
ruff==0.16.9
    # via moskophoros (pyproject.toml)
uv==0.12.21
    # via moskophoros (pyproject.toml)
